
Microsoft Visual Studio Solution File, Format Version 12.00
# Visual Studio 15
VisualStudioVersion = 15.0.28307.1000
MinimumVisualStudioVersion = 10.0.40219.1
Project("{FAE04EC0-301F-11D3-BF4B-00C04F79EFBC}") = "Odabs", "Odabs\Odabs.csproj", "{D5E037F2-CC33-4FFE-98C1-BD12BB63E7DD}"
EndProject
Global
	GlobalSection(SolutionConfigurationPlatforms) = preSolution
		Debug|Any CPU = Debug|Any CPU
		Release|Any CPU = Release|Any CPU
	EndGlobalSection
	GlobalSection(ProjectConfigurationPlatforms) = postSolution
		{D5E037F2-CC33-4FFE-98C1-BD12BB63E7DD}.Debug|Any CPU.ActiveCfg = Debug|Any CPU
		{D5E037F2-CC33-4FFE-98C1-BD12BB63E7DD}.Debug|Any CPU.Build.0 = Debug|Any CPU
		{D5E037F2-CC33-4FFE-98C1-BD12BB63E7DD}.Release|Any CPU.ActiveCfg = Release|Any CPU
		{D5E037F2-CC33-4FFE-98C1-BD12BB63E7DD}.Release|Any CPU.Build.0 = Release|Any CPU
	EndGlobalSection
	GlobalSection(SolutionProperties) = preSolution
		HideSolutionNode = FALSE
	EndGlobalSection
	GlobalSection(ExtensibilityGlobals) = postSolution
		SolutionGuid = {26CA7E95-370C-4A43-AEB5-28C21C2EEAFA}
	EndGlobalSection
EndGlobal
